
Microsoft Visual Studio Solution File, Format Version 12.00
Project("{FAE04EC0-301F-11D3-BF4B-00C04F79EFBC}") = "TbdDevelop.Kafka.Extensions", "src\TbdDevelop.Kafka.Extensions\TbdDevelop.Kafka.Extensions.csproj", "{E19D64A3-88F7-46F1-8361-FFA9E8E17485}"
EndProject
Project("{2150E333-8FDC-42A3-9474-1A3956D46DE8}") = "Docs", "Docs", "{24819488-7555-4CAB-844B-8C51F4AB5B76}"
	ProjectSection(SolutionItems) = preProject
		readme.md = readme.md
	EndProjectSection
EndProject
Project("{FAE04EC0-301F-11D3-BF4B-00C04F79EFBC}") = "TbdDevelop.Kafka.Services", "src\TbdDevelop.Kafka.Services\TbdDevelop.Kafka.Services.csproj", "{9BBDDAFB-812E-4474-AF6F-54B66A8CCF59}"
EndProject
Project("{2150E333-8FDC-42A3-9474-1A3956D46DE8}") = "Samples", "Samples", "{18817C3F-96E4-4A58-8778-BD48E1DC8E93}"
EndProject
Project("{FAE04EC0-301F-11D3-BF4B-00C04F79EFBC}") = "producer-sample", "samples\producer-sample\producer-sample.csproj", "{6CA76BD8-A202-4F97-A93C-AEFC0BA04EC0}"
EndProject
Project("{FAE04EC0-301F-11D3-BF4B-00C04F79EFBC}") = "events", "samples\events\events.csproj", "{2BA11A11-1824-418C-A0C7-D7B8498B3F57}"
EndProject
Project("{FAE04EC0-301F-11D3-BF4B-00C04F79EFBC}") = "consumer-sample", "samples\consumer-sample\consumer-sample.csproj", "{250637C3-3316-45A8-8E71-EDE1AB72AEDA}"
EndProject
Project("{FAE04EC0-301F-11D3-BF4B-00C04F79EFBC}") = "TbdDevelop.Kafka.Abstractions", "src\TbdDevelop.Kafka.Abstractions\TbdDevelop.Kafka.Abstractions.csproj", "{2547DDD6-A545-412D-B1F2-CE622C27D937}"
EndProject
Project("{FAE04EC0-301F-11D3-BF4B-00C04F79EFBC}") = "outbox-sample", "samples\outbox-sample\outbox-sample.csproj", "{52FE0675-768A-4A8B-AD73-AE074BEE473B}"
EndProject
Project("{FAE04EC0-301F-11D3-BF4B-00C04F79EFBC}") = "TbdDevelop.Kafka.Outbox", "src\TbdDevelop.Kafka.Outbox\TbdDevelop.Kafka.Outbox.csproj", "{15866A0F-90DC-46F1-A61F-DE37ED703ED8}"
EndProject
Project("{FAE04EC0-301F-11D3-BF4B-00C04F79EFBC}") = "consul-sample", "samples\consul-sample\consul-sample.csproj", "{AF7DA3F2-D477-475B-BF9A-C7FADD30E20A}"
EndProject
Project("{FAE04EC0-301F-11D3-BF4B-00C04F79EFBC}") = "TbdDevelop.Kafka.Configuration.Consul", "src\TbdDevelop.Kafka.Configuration.Consul\TbdDevelop.Kafka.Configuration.Consul.csproj", "{0B5FA7F1-91BF-43D9-B67D-1EBB8FBB01FC}"
EndProject
Project("{FAE04EC0-301F-11D3-BF4B-00C04F79EFBC}") = "TbdDevelop.Kafka.Outbox.SqlServer", "src\TbdDevelop.Kafka.Outbox.SqlServer\TbdDevelop.Kafka.Outbox.SqlServer.csproj", "{9D0DC377-950E-4ED3-B10B-22D5E77AC37B}"
EndProject
Project("{FAE04EC0-301F-11D3-BF4B-00C04F79EFBC}") = "outbox-sql-sample", "samples\outbox-sql-sample\outbox-sql-sample.csproj", "{BABD0DC6-0620-4F20-9DD3-96F97535DC39}"
EndProject
Project("{FAE04EC0-301F-11D3-BF4B-00C04F79EFBC}") = "TbdDevelop.Kafka.Outbox.MongoDb", "src\TbdDevelop.Kafka.Outbox.MongoDb\TbdDevelop.Kafka.Outbox.MongoDb.csproj", "{ABA5AA81-B047-46A8-A6C3-B7E8C97BAE70}"
EndProject
Project("{FAE04EC0-301F-11D3-BF4B-00C04F79EFBC}") = "outbox-mongodb-sample", "samples\outbox-mongodb-sample\outbox-mongodb-sample.csproj", "{6BBF49CF-66F6-446C-BC22-88BC5F93BBF3}"
EndProject
Global
	GlobalSection(SolutionConfigurationPlatforms) = preSolution
		Debug|Any CPU = Debug|Any CPU
		Release|Any CPU = Release|Any CPU
	EndGlobalSection
	GlobalSection(ProjectConfigurationPlatforms) = postSolution
		{E19D64A3-88F7-46F1-8361-FFA9E8E17485}.Debug|Any CPU.ActiveCfg = Debug|Any CPU
		{E19D64A3-88F7-46F1-8361-FFA9E8E17485}.Debug|Any CPU.Build.0 = Debug|Any CPU
		{E19D64A3-88F7-46F1-8361-FFA9E8E17485}.Release|Any CPU.ActiveCfg = Release|Any CPU
		{E19D64A3-88F7-46F1-8361-FFA9E8E17485}.Release|Any CPU.Build.0 = Release|Any CPU
		{9BBDDAFB-812E-4474-AF6F-54B66A8CCF59}.Debug|Any CPU.ActiveCfg = Debug|Any CPU
		{9BBDDAFB-812E-4474-AF6F-54B66A8CCF59}.Debug|Any CPU.Build.0 = Debug|Any CPU
		{9BBDDAFB-812E-4474-AF6F-54B66A8CCF59}.Release|Any CPU.ActiveCfg = Release|Any CPU
		{9BBDDAFB-812E-4474-AF6F-54B66A8CCF59}.Release|Any CPU.Build.0 = Release|Any CPU
		{6CA76BD8-A202-4F97-A93C-AEFC0BA04EC0}.Debug|Any CPU.ActiveCfg = Debug|Any CPU
		{6CA76BD8-A202-4F97-A93C-AEFC0BA04EC0}.Debug|Any CPU.Build.0 = Debug|Any CPU
		{6CA76BD8-A202-4F97-A93C-AEFC0BA04EC0}.Release|Any CPU.ActiveCfg = Release|Any CPU
		{6CA76BD8-A202-4F97-A93C-AEFC0BA04EC0}.Release|Any CPU.Build.0 = Release|Any CPU
		{2BA11A11-1824-418C-A0C7-D7B8498B3F57}.Debug|Any CPU.ActiveCfg = Debug|Any CPU
		{2BA11A11-1824-418C-A0C7-D7B8498B3F57}.Debug|Any CPU.Build.0 = Debug|Any CPU
		{2BA11A11-1824-418C-A0C7-D7B8498B3F57}.Release|Any CPU.ActiveCfg = Release|Any CPU
		{2BA11A11-1824-418C-A0C7-D7B8498B3F57}.Release|Any CPU.Build.0 = Release|Any CPU
		{250637C3-3316-45A8-8E71-EDE1AB72AEDA}.Debug|Any CPU.ActiveCfg = Debug|Any CPU
		{250637C3-3316-45A8-8E71-EDE1AB72AEDA}.Debug|Any CPU.Build.0 = Debug|Any CPU
		{250637C3-3316-45A8-8E71-EDE1AB72AEDA}.Release|Any CPU.ActiveCfg = Release|Any CPU
		{250637C3-3316-45A8-8E71-EDE1AB72AEDA}.Release|Any CPU.Build.0 = Release|Any CPU
		{2547DDD6-A545-412D-B1F2-CE622C27D937}.Debug|Any CPU.ActiveCfg = Debug|Any CPU
		{2547DDD6-A545-412D-B1F2-CE622C27D937}.Debug|Any CPU.Build.0 = Debug|Any CPU
		{2547DDD6-A545-412D-B1F2-CE622C27D937}.Release|Any CPU.ActiveCfg = Release|Any CPU
		{2547DDD6-A545-412D-B1F2-CE622C27D937}.Release|Any CPU.Build.0 = Release|Any CPU
		{52FE0675-768A-4A8B-AD73-AE074BEE473B}.Debug|Any CPU.ActiveCfg = Debug|Any CPU
		{52FE0675-768A-4A8B-AD73-AE074BEE473B}.Debug|Any CPU.Build.0 = Debug|Any CPU
		{52FE0675-768A-4A8B-AD73-AE074BEE473B}.Release|Any CPU.ActiveCfg = Release|Any CPU
		{52FE0675-768A-4A8B-AD73-AE074BEE473B}.Release|Any CPU.Build.0 = Release|Any CPU
		{15866A0F-90DC-46F1-A61F-DE37ED703ED8}.Debug|Any CPU.ActiveCfg = Debug|Any CPU
		{15866A0F-90DC-46F1-A61F-DE37ED703ED8}.Debug|Any CPU.Build.0 = Debug|Any CPU
		{15866A0F-90DC-46F1-A61F-DE37ED703ED8}.Release|Any CPU.ActiveCfg = Release|Any CPU
		{15866A0F-90DC-46F1-A61F-DE37ED703ED8}.Release|Any CPU.Build.0 = Release|Any CPU
		{AF7DA3F2-D477-475B-BF9A-C7FADD30E20A}.Debug|Any CPU.ActiveCfg = Debug|Any CPU
		{AF7DA3F2-D477-475B-BF9A-C7FADD30E20A}.Debug|Any CPU.Build.0 = Debug|Any CPU
		{AF7DA3F2-D477-475B-BF9A-C7FADD30E20A}.Release|Any CPU.ActiveCfg = Release|Any CPU
		{AF7DA3F2-D477-475B-BF9A-C7FADD30E20A}.Release|Any CPU.Build.0 = Release|Any CPU
		{0B5FA7F1-91BF-43D9-B67D-1EBB8FBB01FC}.Debug|Any CPU.ActiveCfg = Debug|Any CPU
		{0B5FA7F1-91BF-43D9-B67D-1EBB8FBB01FC}.Debug|Any CPU.Build.0 = Debug|Any CPU
		{0B5FA7F1-91BF-43D9-B67D-1EBB8FBB01FC}.Release|Any CPU.ActiveCfg = Release|Any CPU
		{0B5FA7F1-91BF-43D9-B67D-1EBB8FBB01FC}.Release|Any CPU.Build.0 = Release|Any CPU
		{9D0DC377-950E-4ED3-B10B-22D5E77AC37B}.Debug|Any CPU.ActiveCfg = Debug|Any CPU
		{9D0DC377-950E-4ED3-B10B-22D5E77AC37B}.Debug|Any CPU.Build.0 = Debug|Any CPU
		{9D0DC377-950E-4ED3-B10B-22D5E77AC37B}.Release|Any CPU.ActiveCfg = Release|Any CPU
		{9D0DC377-950E-4ED3-B10B-22D5E77AC37B}.Release|Any CPU.Build.0 = Release|Any CPU
		{BABD0DC6-0620-4F20-9DD3-96F97535DC39}.Debug|Any CPU.ActiveCfg = Debug|Any CPU
		{BABD0DC6-0620-4F20-9DD3-96F97535DC39}.Debug|Any CPU.Build.0 = Debug|Any CPU
		{BABD0DC6-0620-4F20-9DD3-96F97535DC39}.Release|Any CPU.ActiveCfg = Release|Any CPU
		{BABD0DC6-0620-4F20-9DD3-96F97535DC39}.Release|Any CPU.Build.0 = Release|Any CPU
		{ABA5AA81-B047-46A8-A6C3-B7E8C97BAE70}.Debug|Any CPU.ActiveCfg = Debug|Any CPU
		{ABA5AA81-B047-46A8-A6C3-B7E8C97BAE70}.Debug|Any CPU.Build.0 = Debug|Any CPU
		{ABA5AA81-B047-46A8-A6C3-B7E8C97BAE70}.Release|Any CPU.ActiveCfg = Release|Any CPU
		{ABA5AA81-B047-46A8-A6C3-B7E8C97BAE70}.Release|Any CPU.Build.0 = Release|Any CPU
		{6BBF49CF-66F6-446C-BC22-88BC5F93BBF3}.Debug|Any CPU.ActiveCfg = Debug|Any CPU
		{6BBF49CF-66F6-446C-BC22-88BC5F93BBF3}.Debug|Any CPU.Build.0 = Debug|Any CPU
		{6BBF49CF-66F6-446C-BC22-88BC5F93BBF3}.Release|Any CPU.ActiveCfg = Release|Any CPU
		{6BBF49CF-66F6-446C-BC22-88BC5F93BBF3}.Release|Any CPU.Build.0 = Release|Any CPU
	EndGlobalSection
	GlobalSection(NestedProjects) = preSolution
		{6CA76BD8-A202-4F97-A93C-AEFC0BA04EC0} = {18817C3F-96E4-4A58-8778-BD48E1DC8E93}
		{2BA11A11-1824-418C-A0C7-D7B8498B3F57} = {18817C3F-96E4-4A58-8778-BD48E1DC8E93}
		{250637C3-3316-45A8-8E71-EDE1AB72AEDA} = {18817C3F-96E4-4A58-8778-BD48E1DC8E93}
		{52FE0675-768A-4A8B-AD73-AE074BEE473B} = {18817C3F-96E4-4A58-8778-BD48E1DC8E93}
		{AF7DA3F2-D477-475B-BF9A-C7FADD30E20A} = {18817C3F-96E4-4A58-8778-BD48E1DC8E93}
		{BABD0DC6-0620-4F20-9DD3-96F97535DC39} = {18817C3F-96E4-4A58-8778-BD48E1DC8E93}
		{6BBF49CF-66F6-446C-BC22-88BC5F93BBF3} = {18817C3F-96E4-4A58-8778-BD48E1DC8E93}
	EndGlobalSection
EndGlobal
